
Microsoft Visual Studio Solution File, Format Version 12.00
# Visual Studio Version 16
VisualStudioVersion = 16.0.30517.126
MinimumVisualStudioVersion = 10.0.40219.1
Project("{9A19103F-16F7-4668-BE54-9A1E7A4F7556}") = "Filesystem", "Filesystem\Filesystem.csproj", "{5EFD4FE8-6C42-490F-9B22-C00B9F11B687}"
EndProject
Project("{9A19103F-16F7-4668-BE54-9A1E7A4F7556}") = "Enter", "Enter\Enter.csproj", "{CD0D09FD-1350-443D-8499-B9B0ABF79564}"
EndProject
Project("{9A19103F-16F7-4668-BE54-9A1E7A4F7556}") = "Eimäleta", "Eimäleta\Eimäleta.csproj", "{06679818-9BE4-49F4-86A8-81A949CFE0EF}"
EndProject
Project("{FAE04EC0-301F-11D3-BF4B-00C04F79EFBC}") = "Lists", "Lists\Lists.csproj", "{6620FC6D-CCD0-4871-8B5B-A9431407934E}"
EndProject
Global
	GlobalSection(SolutionConfigurationPlatforms) = preSolution
		Debug|Any CPU = Debug|Any CPU
		Release|Any CPU = Release|Any CPU
	EndGlobalSection
	GlobalSection(ProjectConfigurationPlatforms) = postSolution
		{5EFD4FE8-6C42-490F-9B22-C00B9F11B687}.Debug|Any CPU.ActiveCfg = Debug|Any CPU
		{5EFD4FE8-6C42-490F-9B22-C00B9F11B687}.Debug|Any CPU.Build.0 = Debug|Any CPU
		{5EFD4FE8-6C42-490F-9B22-C00B9F11B687}.Release|Any CPU.ActiveCfg = Release|Any CPU
		{5EFD4FE8-6C42-490F-9B22-C00B9F11B687}.Release|Any CPU.Build.0 = Release|Any CPU
		{CD0D09FD-1350-443D-8499-B9B0ABF79564}.Debug|Any CPU.ActiveCfg = Debug|Any CPU
		{CD0D09FD-1350-443D-8499-B9B0ABF79564}.Debug|Any CPU.Build.0 = Debug|Any CPU
		{CD0D09FD-1350-443D-8499-B9B0ABF79564}.Release|Any CPU.ActiveCfg = Release|Any CPU
		{CD0D09FD-1350-443D-8499-B9B0ABF79564}.Release|Any CPU.Build.0 = Release|Any CPU
		{06679818-9BE4-49F4-86A8-81A949CFE0EF}.Debug|Any CPU.ActiveCfg = Debug|Any CPU
		{06679818-9BE4-49F4-86A8-81A949CFE0EF}.Debug|Any CPU.Build.0 = Debug|Any CPU
		{06679818-9BE4-49F4-86A8-81A949CFE0EF}.Release|Any CPU.ActiveCfg = Release|Any CPU
		{06679818-9BE4-49F4-86A8-81A949CFE0EF}.Release|Any CPU.Build.0 = Release|Any CPU
		{6620FC6D-CCD0-4871-8B5B-A9431407934E}.Debug|Any CPU.ActiveCfg = Debug|Any CPU
		{6620FC6D-CCD0-4871-8B5B-A9431407934E}.Debug|Any CPU.Build.0 = Debug|Any CPU
		{6620FC6D-CCD0-4871-8B5B-A9431407934E}.Release|Any CPU.ActiveCfg = Release|Any CPU
		{6620FC6D-CCD0-4871-8B5B-A9431407934E}.Release|Any CPU.Build.0 = Release|Any CPU
	EndGlobalSection
	GlobalSection(SolutionProperties) = preSolution
		HideSolutionNode = FALSE
	EndGlobalSection
	GlobalSection(ExtensibilityGlobals) = postSolution
		SolutionGuid = {A776EAEA-BB0E-4DDE-8D9E-EF2F9A95B235}
	EndGlobalSection
EndGlobal
